
Microsoft Visual Studio Solution File, Format Version 12.00
# Visual Studio Version 17
VisualStudioVersion = 17.11.35222.181
MinimumVisualStudioVersion = 10.0.40219.1
Project("{FAE04EC0-301F-11D3-BF4B-00C04F79EFBC}") = "Employers", "Employers\Employers.csproj", "{6041761F-3184-49C3-92B5-A132CC82FD57}"
EndProject
Global
	GlobalSection(SolutionConfigurationPlatforms) = preSolution
		Debug|Any CPU = Debug|Any CPU
		Release|Any CPU = Release|Any CPU
	EndGlobalSection
	GlobalSection(ProjectConfigurationPlatforms) = postSolution
		{6041761F-3184-49C3-92B5-A132CC82FD57}.Debug|Any CPU.ActiveCfg = Debug|Any CPU
		{6041761F-3184-49C3-92B5-A132CC82FD57}.Debug|Any CPU.Build.0 = Debug|Any CPU
		{6041761F-3184-49C3-92B5-A132CC82FD57}.Release|Any CPU.ActiveCfg = Release|Any CPU
		{6041761F-3184-49C3-92B5-A132CC82FD57}.Release|Any CPU.Build.0 = Release|Any CPU
	EndGlobalSection
	GlobalSection(SolutionProperties) = preSolution
		HideSolutionNode = FALSE
	EndGlobalSection
	GlobalSection(ExtensibilityGlobals) = postSolution
		SolutionGuid = {C7087507-0C24-4083-A0CD-4E782592F0FC}
	EndGlobalSection
EndGlobal
